// !$*UTF8*$!
{
	archiveVersion = 1;
	classes = {
	};
	objectVersion = 56;
	objects = {

/* Begin PBXBuildFile section */
		CE4F9B5F2C2ABDAE00F9E653 /* AppDelegate.swift in Sources */ = {isa = PBXBuildFile; fileRef = CE4F9B5E2C2ABDAE00F9E653 /* AppDelegate.swift */; };
		CE4F9B612C2ABDAE00F9E653 /* SceneDelegate.swift in Sources */ = {isa = PBXBuildFile; fileRef = CE4F9B602C2ABDAE00F9E653 /* SceneDelegate.swift */; };
		CE4F9B632C2ABDAE00F9E653 /* TrendingMediaView.swift in Sources */ = {isa = PBXBuildFile; fileRef = CE4F9B622C2ABDAE00F9E653 /* TrendingMediaView.swift */; };
		CE4F9B662C2ABDAE00F9E653 /* Base in Resources */ = {isa = PBXBuildFile; fileRef = CE4F9B652C2ABDAE00F9E653 /* Base */; };
		CE4F9B682C2ABDB100F9E653 /* Assets.xcassets in Resources */ = {isa = PBXBuildFile; fileRef = CE4F9B672C2ABDB100F9E653 /* Assets.xcassets */; };
		CE4F9B6B2C2ABDB100F9E653 /* Base in Resources */ = {isa = PBXBuildFile; fileRef = CE4F9B6A2C2ABDB100F9E653 /* Base */; };
		CE4F9B732C2ABFF200F9E653 /* _TrendingTableViewCell.swift in Sources */ = {isa = PBXBuildFile; fileRef = CE4F9B722C2ABFF200F9E653 /* _TrendingTableViewCell.swift */; };
		CE4F9B762C2AC24E00F9E653 /* SnapKit in Frameworks */ = {isa = PBXBuildFile; productRef = CE4F9B752C2AC24E00F9E653 /* SnapKit */; };
		CE4F9B792C2AC25800F9E653 /* Alamofire in Frameworks */ = {isa = PBXBuildFile; productRef = CE4F9B782C2AC25800F9E653 /* Alamofire */; };
		CE4F9B7B2C2AC89600F9E653 /* _TrendingCollectionViewCell.swift in Sources */ = {isa = PBXBuildFile; fileRef = CE4F9B7A2C2AC89600F9E653 /* _TrendingCollectionViewCell.swift */; };
		CE4F9B7D2C2ACEC200F9E653 /* TMDBAPI.swift in Sources */ = {isa = PBXBuildFile; fileRef = CE4F9B7C2C2ACEC200F9E653 /* TMDBAPI.swift */; };
		CE4F9B7F2C2ACEFF00F9E653 /* APIKey.swift in Sources */ = {isa = PBXBuildFile; fileRef = CE4F9B7E2C2ACEFF00F9E653 /* APIKey.swift */; };
		CE4F9B822C2AD35500F9E653 /* Kingfisher in Frameworks */ = {isa = PBXBuildFile; productRef = CE4F9B812C2AD35500F9E653 /* Kingfisher */; };
		CE4F9B842C2B0FA200F9E653 /* .gitignore in Resources */ = {isa = PBXBuildFile; fileRef = CE4F9B832C2B0FA200F9E653 /* .gitignore */; };
		CE5FFD482C3180730021456B /* DetailViewController.swift in Sources */ = {isa = PBXBuildFile; fileRef = CE5FFD472C3180730021456B /* DetailViewController.swift */; };
		CE5FFD4D2C3188810021456B /* TabBarController.swift in Sources */ = {isa = PBXBuildFile; fileRef = CE5FFD4C2C3188810021456B /* TabBarController.swift */; };
		CE6F7DD72C2EECE2004D1DB6 /* SearchViewController.swift in Sources */ = {isa = PBXBuildFile; fileRef = CE6F7DD62C2EECE2004D1DB6 /* SearchViewController.swift */; };
		CE6F7DDA2C2EFCEC004D1DB6 /* IQKeyboardManagerSwift in Frameworks */ = {isa = PBXBuildFile; productRef = CE6F7DD92C2EFCEC004D1DB6 /* IQKeyboardManagerSwift */; };
		CE6F7DDC2C2F0850004D1DB6 /* _SearchTableViewCell.swift in Sources */ = {isa = PBXBuildFile; fileRef = CE6F7DDB2C2F0850004D1DB6 /* _SearchTableViewCell.swift */; };
		CECCD7BA2C2C6D6A006C3767 /* TMDBRequest.swift in Sources */ = {isa = PBXBuildFile; fileRef = CECCD7B92C2C6D6A006C3767 /* TMDBRequest.swift */; };
/* End PBXBuildFile section */

/* Begin PBXFileReference section */
		CE4F9B5B2C2ABDAE00F9E653 /* MediaProjectNetwork.app */ = {isa = PBXFileReference; explicitFileType = wrapper.application; includeInIndex = 0; path = MediaProjectNetwork.app; sourceTree = BUILT_PRODUCTS_DIR; };
		CE4F9B5E2C2ABDAE00F9E653 /* AppDelegate.swift */ = {isa = PBXFileReference; lastKnownFileType = sourcecode.swift; path = AppDelegate.swift; sourceTree = "<group>"; };
		CE4F9B602C2ABDAE00F9E653 /* SceneDelegate.swift */ = {isa = PBXFileReference; lastKnownFileType = sourcecode.swift; path = SceneDelegate.swift; sourceTree = "<group>"; };
		CE4F9B622C2ABDAE00F9E653 /* TrendingMediaView.swift */ = {isa = PBXFileReference; lastKnownFileType = sourcecode.swift; path = TrendingMediaView.swift; sourceTree = "<group>"; };
		CE4F9B652C2ABDAE00F9E653 /* Base */ = {isa = PBXFileReference; lastKnownFileType = file.storyboard; name = Base; path = Base.lproj/Main.storyboard; sourceTree = "<group>"; };
		CE4F9B672C2ABDB100F9E653 /* Assets.xcassets */ = {isa = PBXFileReference; lastKnownFileType = folder.assetcatalog; path = Assets.xcassets; sourceTree = "<group>"; };
		CE4F9B6A2C2ABDB100F9E653 /* Base */ = {isa = PBXFileReference; lastKnownFileType = file.storyboard; name = Base; path = Base.lproj/LaunchScreen.storyboard; sourceTree = "<group>"; };
		CE4F9B6C2C2ABDB100F9E653 /* Info.plist */ = {isa = PBXFileReference; lastKnownFileType = text.plist.xml; path = Info.plist; sourceTree = "<group>"; };
		CE4F9B722C2ABFF200F9E653 /* _TrendingTableViewCell.swift */ = {isa = PBXFileReference; lastKnownFileType = sourcecode.swift; path = _TrendingTableViewCell.swift; sourceTree = "<group>"; };
		CE4F9B7A2C2AC89600F9E653 /* _TrendingCollectionViewCell.swift */ = {isa = PBXFileReference; lastKnownFileType = sourcecode.swift; path = _TrendingCollectionViewCell.swift; sourceTree = "<group>"; };
		CE4F9B7C2C2ACEC200F9E653 /* TMDBAPI.swift */ = {isa = PBXFileReference; lastKnownFileType = sourcecode.swift; path = TMDBAPI.swift; sourceTree = "<group>"; };
		CE4F9B7E2C2ACEFF00F9E653 /* APIKey.swift */ = {isa = PBXFileReference; lastKnownFileType = sourcecode.swift; path = APIKey.swift; sourceTree = "<group>"; };
		CE4F9B832C2B0FA200F9E653 /* .gitignore */ = {isa = PBXFileReference; lastKnownFileType = text; path = .gitignore; sourceTree = "<group>"; };
		CE5FFD472C3180730021456B /* DetailViewController.swift */ = {isa = PBXFileReference; lastKnownFileType = sourcecode.swift; path = DetailViewController.swift; sourceTree = "<group>"; };
		CE5FFD4C2C3188810021456B /* TabBarController.swift */ = {isa = PBXFileReference; lastKnownFileType = sourcecode.swift; path = TabBarController.swift; sourceTree = "<group>"; };
		CE6F7DD62C2EECE2004D1DB6 /* SearchViewController.swift */ = {isa = PBXFileReference; lastKnownFileType = sourcecode.swift; path = SearchViewController.swift; sourceTree = "<group>"; };
		CE6F7DDB2C2F0850004D1DB6 /* _SearchTableViewCell.swift */ = {isa = PBXFileReference; lastKnownFileType = sourcecode.swift; path = _SearchTableViewCell.swift; sourceTree = "<group>"; };
		CECCD7B92C2C6D6A006C3767 /* TMDBRequest.swift */ = {isa = PBXFileReference; lastKnownFileType = sourcecode.swift; path = TMDBRequest.swift; sourceTree = "<group>"; };
/* End PBXFileReference section */

/* Begin PBXFrameworksBuildPhase section */
		CE4F9B582C2ABDAE00F9E653 /* Frameworks */ = {
			isa = PBXFrameworksBuildPhase;
			buildActionMask = 2147483647;
			files = (
				CE4F9B822C2AD35500F9E653 /* Kingfisher in Frameworks */,
				CE6F7DDA2C2EFCEC004D1DB6 /* IQKeyboardManagerSwift in Frameworks */,
				CE4F9B762C2AC24E00F9E653 /* SnapKit in Frameworks */,
				CE4F9B792C2AC25800F9E653 /* Alamofire in Frameworks */,
			);
			runOnlyForDeploymentPostprocessing = 0;
		};
/* End PBXFrameworksBuildPhase section */

/* Begin PBXGroup section */
		CE4F9B522C2ABDAE00F9E653 = {
			isa = PBXGroup;
			children = (
				CE4F9B832C2B0FA200F9E653 /* .gitignore */,
				CE4F9B5D2C2ABDAE00F9E653 /* MediaProjectNetwork */,
				CE4F9B5C2C2ABDAE00F9E653 /* Products */,
			);
			sourceTree = "<group>";
		};
		CE4F9B5C2C2ABDAE00F9E653 /* Products */ = {
			isa = PBXGroup;
			children = (
				CE4F9B5B2C2ABDAE00F9E653 /* MediaProjectNetwork.app */,
			);
			name = Products;
			sourceTree = "<group>";
		};
		CE4F9B5D2C2ABDAE00F9E653 /* MediaProjectNetwork */ = {
			isa = PBXGroup;
			children = (
				CE4F9B7E2C2ACEFF00F9E653 /* APIKey.swift */,
				CECCD7B92C2C6D6A006C3767 /* TMDBRequest.swift */,
				CE4F9B7C2C2ACEC200F9E653 /* TMDBAPI.swift */,
				CE5FFD4C2C3188810021456B /* TabBarController.swift */,
				CE5FFD492C3187E50021456B /* TrendingPage */,
				CE5FFD4A2C3187FA0021456B /* SearchPage */,
				CE5FFD4B2C3188250021456B /* DetailPage */,
				CE4F9B5E2C2ABDAE00F9E653 /* AppDelegate.swift */,
				CE4F9B602C2ABDAE00F9E653 /* SceneDelegate.swift */,
				CE4F9B642C2ABDAE00F9E653 /* Main.storyboard */,
				CE4F9B692C2ABDB100F9E653 /* LaunchScreen.storyboard */,
				CE4F9B672C2ABDB100F9E653 /* Assets.xcassets */,
				CE4F9B6C2C2ABDB100F9E653 /* Info.plist */,
			);
			path = MediaProjectNetwork;
			sourceTree = "<group>";
		};
		CE5FFD492C3187E50021456B /* TrendingPage */ = {
			isa = PBXGroup;
			children = (
				CE4F9B622C2ABDAE00F9E653 /* TrendingMediaView.swift */,
				CE4F9B722C2ABFF200F9E653 /* _TrendingTableViewCell.swift */,
				CE4F9B7A2C2AC89600F9E653 /* _TrendingCollectionViewCell.swift */,
			);
			path = TrendingPage;
			sourceTree = "<group>";
		};
		CE5FFD4A2C3187FA0021456B /* SearchPage */ = {
			isa = PBXGroup;
			children = (
				CE6F7DD62C2EECE2004D1DB6 /* SearchViewController.swift */,
				CE6F7DDB2C2F0850004D1DB6 /* _SearchTableViewCell.swift */,
			);
			path = SearchPage;
			sourceTree = "<group>";
		};
		CE5FFD4B2C3188250021456B /* DetailPage */ = {
			isa = PBXGroup;
			children = (
				CE5FFD472C3180730021456B /* DetailViewController.swift */,
			);
			path = DetailPage;
			sourceTree = "<group>";
		};
/* End PBXGroup section */

/* Begin PBXNativeTarget section */
		CE4F9B5A2C2ABDAE00F9E653 /* MediaProjectNetwork */ = {
			isa = PBXNativeTarget;
			buildConfigurationList = CE4F9B6F2C2ABDB100F9E653 /* Build configuration list for PBXNativeTarget "MediaProjectNetwork" */;
			buildPhases = (
				CE4F9B572C2ABDAE00F9E653 /* Sources */,
				CE4F9B582C2ABDAE00F9E653 /* Frameworks */,
				CE4F9B592C2ABDAE00F9E653 /* Resources */,
			);
			buildRules = (
			);
			dependencies = (
			);
			name = MediaProjectNetwork;
			packageProductDependencies = (
				CE4F9B752C2AC24E00F9E653 /* SnapKit */,
				CE4F9B782C2AC25800F9E653 /* Alamofire */,
				CE4F9B812C2AD35500F9E653 /* Kingfisher */,
				CE6F7DD92C2EFCEC004D1DB6 /* IQKeyboardManagerSwift */,
			);
			productName = MediaProjectNetwork;
			productReference = CE4F9B5B2C2ABDAE00F9E653 /* MediaProjectNetwork.app */;
			productType = "com.apple.product-type.application";
		};
/* End PBXNativeTarget section */

/* Begin PBXProject section */
		CE4F9B532C2ABDAE00F9E653 /* Project object */ = {
			isa = PBXProject;
			attributes = {
				BuildIndependentTargetsInParallel = 1;
				LastSwiftUpdateCheck = 1540;
				LastUpgradeCheck = 1540;
				TargetAttributes = {
					CE4F9B5A2C2ABDAE00F9E653 = {
						CreatedOnToolsVersion = 15.4;
					};
				};
			};
			buildConfigurationList = CE4F9B562C2ABDAE00F9E653 /* Build configuration list for PBXProject "MediaProjectNetwork" */;
			compatibilityVersion = "Xcode 14.0";
			developmentRegion = en;
			hasScannedForEncodings = 0;
			knownRegions = (
				en,
				Base,
			);
			mainGroup = CE4F9B522C2ABDAE00F9E653;
			packageReferences = (
				CE4F9B742C2AC24E00F9E653 /* XCRemoteSwiftPackageReference "SnapKit" */,
				CE4F9B772C2AC25800F9E653 /* XCRemoteSwiftPackageReference "Alamofire" */,
				CE4F9B802C2AD35500F9E653 /* XCRemoteSwiftPackageReference "Kingfisher" */,
				CE6F7DD82C2EFCEC004D1DB6 /* XCRemoteSwiftPackageReference "IQKeyboardManager" */,
			);
			productRefGroup = CE4F9B5C2C2ABDAE00F9E653 /* Products */;
			projectDirPath = "";
			projectRoot = "";
			targets = (
				CE4F9B5A2C2ABDAE00F9E653 /* MediaProjectNetwork */,
			);
		};
/* End PBXProject section */

/* Begin PBXResourcesBuildPhase section */
		CE4F9B592C2ABDAE00F9E653 /* Resources */ = {
			isa = PBXResourcesBuildPhase;
			buildActionMask = 2147483647;
			files = (
				CE4F9B842C2B0FA200F9E653 /* .gitignore in Resources */,
				CE4F9B682C2ABDB100F9E653 /* Assets.xcassets in Resources */,
				CE4F9B6B2C2ABDB100F9E653 /* Base in Resources */,
				CE4F9B662C2ABDAE00F9E653 /* Base in Resources */,
			);
			runOnlyForDeploymentPostprocessing = 0;
		};
/* End PBXResourcesBuildPhase section */

/* Begin PBXSourcesBuildPhase section */
		CE4F9B572C2ABDAE00F9E653 /* Sources */ = {
			isa = PBXSourcesBuildPhase;
			buildActionMask = 2147483647;
			files = (
				CE5FFD482C3180730021456B /* DetailViewController.swift in Sources */,
				CE4F9B7B2C2AC89600F9E653 /* _TrendingCollectionViewCell.swift in Sources */,
				CE4F9B7F2C2ACEFF00F9E653 /* APIKey.swift in Sources */,
				CE4F9B632C2ABDAE00F9E653 /* TrendingMediaView.swift in Sources */,
				CE6F7DD72C2EECE2004D1DB6 /* SearchViewController.swift in Sources */,
				CE4F9B732C2ABFF200F9E653 /* _TrendingTableViewCell.swift in Sources */,
				CECCD7BA2C2C6D6A006C3767 /* TMDBRequest.swift in Sources */,
				CE4F9B5F2C2ABDAE00F9E653 /* AppDelegate.swift in Sources */,
				CE4F9B612C2ABDAE00F9E653 /* SceneDelegate.swift in Sources */,
				CE5FFD4D2C3188810021456B /* TabBarController.swift in Sources */,
				CE4F9B7D2C2ACEC200F9E653 /* TMDBAPI.swift in Sources */,
				CE6F7DDC2C2F0850004D1DB6 /* _SearchTableViewCell.swift in Sources */,
			);
			runOnlyForDeploymentPostprocessing = 0;
		};
/* End PBXSourcesBuildPhase section */

/* Begin PBXVariantGroup section */
		CE4F9B642C2ABDAE00F9E653 /* Main.storyboard */ = {
			isa = PBXVariantGroup;
			children = (
				CE4F9B652C2ABDAE00F9E653 /* Base */,
			);
			name = Main.storyboard;
			sourceTree = "<group>";
		};
		CE4F9B692C2ABDB100F9E653 /* LaunchScreen.storyboard */ = {
			isa = PBXVariantGroup;
			children = (
				CE4F9B6A2C2ABDB100F9E653 /* Base */,
			);
			name = LaunchScreen.storyboard;
			sourceTree = "<group>";
		};
/* End PBXVariantGroup section */

/* Begin XCBuildConfiguration section */
		CE4F9B6D2C2ABDB100F9E653 /* Debug */ = {
			isa = XCBuildConfiguration;
			buildSettings = {
				ALWAYS_SEARCH_USER_PATHS = NO;
				ASSETCATALOG_COMPILER_GENERATE_SWIFT_ASSET_SYMBOL_EXTENSIONS = YES;
				CLANG_ANALYZER_NONNULL = YES;
				CLANG_ANALYZER_NUMBER_OBJECT_CONVERSION = YES_AGGRESSIVE;
				CLANG_CXX_LANGUAGE_STANDARD = "gnu++20";
				CLANG_ENABLE_MODULES = YES;
				CLANG_ENABLE_OBJC_ARC = YES;
				CLANG_ENABLE_OBJC_WEAK = YES;
				CLANG_WARN_BLOCK_CAPTURE_AUTORELEASING = YES;
				CLANG_WARN_BOOL_CONVERSION = YES;
				CLANG_WARN_COMMA = YES;
				CLANG_WARN_CONSTANT_CONVERSION = YES;
				CLANG_WARN_DEPRECATED_OBJC_IMPLEMENTATIONS = YES;
				CLANG_WARN_DIRECT_OBJC_ISA_USAGE = YES_ERROR;
				CLANG_WARN_DOCUMENTATION_COMMENTS = YES;
				CLANG_WARN_EMPTY_BODY = YES;
				CLANG_WARN_ENUM_CONVERSION = YES;
				CLANG_WARN_INFINITE_RECURSION = YES;
				CLANG_WARN_INT_CONVERSION = YES;
				CLANG_WARN_NON_LITERAL_NULL_CONVERSION = YES;
				CLANG_WARN_OBJC_IMPLICIT_RETAIN_SELF = YES;
				CLANG_WARN_OBJC_LITERAL_CONVERSION = YES;
				CLANG_WARN_OBJC_ROOT_CLASS = YES_ERROR;
				CLANG_WARN_QUOTED_INCLUDE_IN_FRAMEWORK_HEADER = YES;
				CLANG_WARN_RANGE_LOOP_ANALYSIS = YES;
				CLANG_WARN_STRICT_PROTOTYPES = YES;
				CLANG_WARN_SUSPICIOUS_MOVE = YES;
				CLANG_WARN_UNGUARDED_AVAILABILITY = YES_AGGRESSIVE;
				CLANG_WARN_UNREACHABLE_CODE = YES;
				CLANG_WARN__DUPLICATE_METHOD_MATCH = YES;
				COPY_PHASE_STRIP = NO;
				DEBUG_INFORMATION_FORMAT = dwarf;
				ENABLE_STRICT_OBJC_MSGSEND = YES;
				ENABLE_TESTABILITY = YES;
				ENABLE_USER_SCRIPT_SANDBOXING = YES;
				GCC_C_LANGUAGE_STANDARD = gnu17;
				GCC_DYNAMIC_NO_PIC = NO;
				GCC_NO_COMMON_BLOCKS = YES;
				GCC_OPTIMIZATION_LEVEL = 0;
				GCC_PREPROCESSOR_DEFINITIONS = (
					"DEBUG=1",
					"$(inherited)",
				);
				GCC_WARN_64_TO_32_BIT_CONVERSION = YES;
				GCC_WARN_ABOUT_RETURN_TYPE = YES_ERROR;
				GCC_WARN_UNDECLARED_SELECTOR = YES;
				GCC_WARN_UNINITIALIZED_AUTOS = YES_AGGRESSIVE;
				GCC_WARN_UNUSED_FUNCTION = YES;
				GCC_WARN_UNUSED_VARIABLE = YES;
				IPHONEOS_DEPLOYMENT_TARGET = 17.5;
				LOCALIZATION_PREFERS_STRING_CATALOGS = YES;
				MTL_ENABLE_DEBUG_INFO = INCLUDE_SOURCE;
				MTL_FAST_MATH = YES;
				ONLY_ACTIVE_ARCH = YES;
				SDKROOT = iphoneos;
				SWIFT_ACTIVE_COMPILATION_CONDITIONS = "DEBUG $(inherited)";
				SWIFT_OPTIMIZATION_LEVEL = "-Onone";
			};
			name = Debug;
		};
		CE4F9B6E2C2ABDB100F9E653 /* Release */ = {
			isa = XCBuildConfiguration;
			buildSettings = {
				ALWAYS_SEARCH_USER_PATHS = NO;
				ASSETCATALOG_COMPILER_GENERATE_SWIFT_ASSET_SYMBOL_EXTENSIONS = YES;
				CLANG_ANALYZER_NONNULL = YES;
				CLANG_ANALYZER_NUMBER_OBJECT_CONVERSION = YES_AGGRESSIVE;
				CLANG_CXX_LANGUAGE_STANDARD = "gnu++20";
				CLANG_ENABLE_MODULES = YES;
				CLANG_ENABLE_OBJC_ARC = YES;
				CLANG_ENABLE_OBJC_WEAK = YES;
				CLANG_WARN_BLOCK_CAPTURE_AUTORELEASING = YES;
				CLANG_WARN_BOOL_CONVERSION = YES;
				CLANG_WARN_COMMA = YES;
				CLANG_WARN_CONSTANT_CONVERSION = YES;
				CLANG_WARN_DEPRECATED_OBJC_IMPLEMENTATIONS = YES;
				CLANG_WARN_DIRECT_OBJC_ISA_USAGE = YES_ERROR;
				CLANG_WARN_DOCUMENTATION_COMMENTS = YES;
				CLANG_WARN_EMPTY_BODY = YES;
				CLANG_WARN_ENUM_CONVERSION = YES;
				CLANG_WARN_INFINITE_RECURSION = YES;
				CLANG_WARN_INT_CONVERSION = YES;
				CLANG_WARN_NON_LITERAL_NULL_CONVERSION = YES;
				CLANG_WARN_OBJC_IMPLICIT_RETAIN_SELF = YES;
				CLANG_WARN_OBJC_LITERAL_CONVERSION = YES;
				CLANG_WARN_OBJC_ROOT_CLASS = YES_ERROR;
				CLANG_WARN_QUOTED_INCLUDE_IN_FRAMEWORK_HEADER = YES;
				CLANG_WARN_RANGE_LOOP_ANALYSIS = YES;
				CLANG_WARN_STRICT_PROTOTYPES = YES;
				CLANG_WARN_SUSPICIOUS_MOVE = YES;
				CLANG_WARN_UNGUARDED_AVAILABILITY = YES_AGGRESSIVE;
				CLANG_WARN_UNREACHABLE_CODE = YES;
				CLANG_WARN__DUPLICATE_METHOD_MATCH = YES;
				COPY_PHASE_STRIP = NO;
				DEBUG_INFORMATION_FORMAT = "dwarf-with-dsym";
				ENABLE_NS_ASSERTIONS = NO;
				ENABLE_STRICT_OBJC_MSGSEND = YES;
				ENABLE_USER_SCRIPT_SANDBOXING = YES;
				GCC_C_LANGUAGE_STANDARD = gnu17;
				GCC_NO_COMMON_BLOCKS = YES;
				GCC_WARN_64_TO_32_BIT_CONVERSION = YES;
				GCC_WARN_ABOUT_RETURN_TYPE = YES_ERROR;
				GCC_WARN_UNDECLARED_SELECTOR = YES;
				GCC_WARN_UNINITIALIZED_AUTOS = YES_AGGRESSIVE;
				GCC_WARN_UNUSED_FUNCTION = YES;
				GCC_WARN_UNUSED_VARIABLE = YES;
				IPHONEOS_DEPLOYMENT_TARGET = 17.5;
				LOCALIZATION_PREFERS_STRING_CATALOGS = YES;
				MTL_ENABLE_DEBUG_INFO = NO;
				MTL_FAST_MATH = YES;
				SDKROOT = iphoneos;
				SWIFT_COMPILATION_MODE = wholemodule;
				VALIDATE_PRODUCT = YES;
			};
			name = Release;
		};
		CE4F9B702C2ABDB100F9E653 /* Debug */ = {
			isa = XCBuildConfiguration;
			buildSettings = {
				ASSETCATALOG_COMPILER_APPICON_NAME = AppIcon;
				ASSETCATALOG_COMPILER_GLOBAL_ACCENT_COLOR_NAME = AccentColor;
				CODE_SIGN_STYLE = Automatic;
				CURRENT_PROJECT_VERSION = 1;
				DEVELOPMENT_TEAM = 9RL93J625H;
				GENERATE_INFOPLIST_FILE = YES;
				INFOPLIST_FILE = MediaProjectNetwork/Info.plist;
				INFOPLIST_KEY_UIApplicationSupportsIndirectInputEvents = YES;
				INFOPLIST_KEY_UILaunchStoryboardName = LaunchScreen;
				INFOPLIST_KEY_UIMainStoryboardFile = Main;
				INFOPLIST_KEY_UISupportedInterfaceOrientations = UIInterfaceOrientationPortrait;
				INFOPLIST_KEY_UISupportedInterfaceOrientations_iPad = "UIInterfaceOrientationLandscapeLeft UIInterfaceOrientationLandscapeRight UIInterfaceOrientationPortrait UIInterfaceOrientationPortraitUpsideDown";
				IPHONEOS_DEPLOYMENT_TARGET = 17.0;
				LD_RUNPATH_SEARCH_PATHS = (
					"$(inherited)",
					"@executable_path/Frameworks",
				);
				MARKETING_VERSION = 1.0;
				PRODUCT_BUNDLE_IDENTIFIER = com.sesac.MediaProjectNetwork;
				PRODUCT_NAME = "$(TARGET_NAME)";
				SUPPORTED_PLATFORMS = "iphoneos iphonesimulator";
				SUPPORTS_MACCATALYST = NO;
				SUPPORTS_MAC_DESIGNED_FOR_IPHONE_IPAD = NO;
				SUPPORTS_XR_DESIGNED_FOR_IPHONE_IPAD = NO;
				SWIFT_EMIT_LOC_STRINGS = YES;
				SWIFT_VERSION = 5.0;
				TARGETED_DEVICE_FAMILY = 1;
			};
			name = Debug;
		};
		CE4F9B712C2ABDB100F9E653 /* Release */ = {
			isa = XCBuildConfiguration;
			buildSettings = {
				ASSETCATALOG_COMPILER_APPICON_NAME = AppIcon;
				ASSETCATALOG_COMPILER_GLOBAL_ACCENT_COLOR_NAME = AccentColor;
				CODE_SIGN_STYLE = Automatic;
				CURRENT_PROJECT_VERSION = 1;
				DEVELOPMENT_TEAM = 9RL93J625H;
				GENERATE_INFOPLIST_FILE = YES;
				INFOPLIST_FILE = MediaProjectNetwork/Info.plist;
				INFOPLIST_KEY_UIApplicationSupportsIndirectInputEvents = YES;
				INFOPLIST_KEY_UILaunchStoryboardName = LaunchScreen;
				INFOPLIST_KEY_UIMainStoryboardFile = Main;
				INFOPLIST_KEY_UISupportedInterfaceOrientations = UIInterfaceOrientationPortrait;
				INFOPLIST_KEY_UISupportedInterfaceOrientations_iPad = "UIInterfaceOrientationLandscapeLeft UIInterfaceOrientationLandscapeRight UIInterfaceOrientationPortrait UIInterfaceOrientationPortraitUpsideDown";
				IPHONEOS_DEPLOYMENT_TARGET = 17.0;
				LD_RUNPATH_SEARCH_PATHS = (
					"$(inherited)",
					"@executable_path/Frameworks",
				);
				MARKETING_VERSION = 1.0;
				PRODUCT_BUNDLE_IDENTIFIER = com.sesac.MediaProjectNetwork;
				PRODUCT_NAME = "$(TARGET_NAME)";
				SUPPORTED_PLATFORMS = "iphoneos iphonesimulator";
				SUPPORTS_MACCATALYST = NO;
				SUPPORTS_MAC_DESIGNED_FOR_IPHONE_IPAD = NO;
				SUPPORTS_XR_DESIGNED_FOR_IPHONE_IPAD = NO;
				SWIFT_EMIT_LOC_STRINGS = YES;
				SWIFT_VERSION = 5.0;
				TARGETED_DEVICE_FAMILY = 1;
			};
			name = Release;
		};
/* End XCBuildConfiguration section */

/* Begin XCConfigurationList section */
		CE4F9B562C2ABDAE00F9E653 /* Build configuration list for PBXProject "MediaProjectNetwork" */ = {
			isa = XCConfigurationList;
			buildConfigurations = (
				CE4F9B6D2C2ABDB100F9E653 /* Debug */,
				CE4F9B6E2C2ABDB100F9E653 /* Release */,
			);
			defaultConfigurationIsVisible = 0;
			defaultConfigurationName = Release;
		};
		CE4F9B6F2C2ABDB100F9E653 /* Build configuration list for PBXNativeTarget "MediaProjectNetwork" */ = {
			isa = XCConfigurationList;
			buildConfigurations = (
				CE4F9B702C2ABDB100F9E653 /* Debug */,
				CE4F9B712C2ABDB100F9E653 /* Release */,
			);
			defaultConfigurationIsVisible = 0;
			defaultConfigurationName = Release;
		};
/* End XCConfigurationList section */

/* Begin XCRemoteSwiftPackageReference section */
		CE4F9B742C2AC24E00F9E653 /* XCRemoteSwiftPackageReference "SnapKit" */ = {
			isa = XCRemoteSwiftPackageReference;
			repositoryURL = "https://github.com/SnapKit/SnapKit.git";
			requirement = {
				kind = upToNextMajorVersion;
				minimumVersion = 5.7.1;
			};
		};
		CE4F9B772C2AC25800F9E653 /* XCRemoteSwiftPackageReference "Alamofire" */ = {
			isa = XCRemoteSwiftPackageReference;
			repositoryURL = "https://github.com/Alamofire/Alamofire.git";
			requirement = {
				kind = upToNextMajorVersion;
				minimumVersion = 5.9.1;
			};
		};
		CE4F9B802C2AD35500F9E653 /* XCRemoteSwiftPackageReference "Kingfisher" */ = {
			isa = XCRemoteSwiftPackageReference;
			repositoryURL = "https://github.com/onevcat/Kingfisher";
			requirement = {
				kind = upToNextMajorVersion;
				minimumVersion = 7.12.0;
			};
		};
		CE6F7DD82C2EFCEC004D1DB6 /* XCRemoteSwiftPackageReference "IQKeyboardManager" */ = {
			isa = XCRemoteSwiftPackageReference;
			repositoryURL = "https://github.com/hackiftekhar/IQKeyboardManager.git";
			requirement = {
				kind = upToNextMajorVersion;
				minimumVersion = 7.0.3;
			};
		};
/* End XCRemoteSwiftPackageReference section */

/* Begin XCSwiftPackageProductDependency section */
		CE4F9B752C2AC24E00F9E653 /* SnapKit */ = {
			isa = XCSwiftPackageProductDependency;
			package = CE4F9B742C2AC24E00F9E653 /* XCRemoteSwiftPackageReference "SnapKit" */;
			productName = SnapKit;
		};
		CE4F9B782C2AC25800F9E653 /* Alamofire */ = {
			isa = XCSwiftPackageProductDependency;
			package = CE4F9B772C2AC25800F9E653 /* XCRemoteSwiftPackageReference "Alamofire" */;
			productName = Alamofire;
		};
		CE4F9B812C2AD35500F9E653 /* Kingfisher */ = {
			isa = XCSwiftPackageProductDependency;
			package = CE4F9B802C2AD35500F9E653 /* XCRemoteSwiftPackageReference "Kingfisher" */;
			productName = Kingfisher;
		};
		CE6F7DD92C2EFCEC004D1DB6 /* IQKeyboardManagerSwift */ = {
			isa = XCSwiftPackageProductDependency;
			package = CE6F7DD82C2EFCEC004D1DB6 /* XCRemoteSwiftPackageReference "IQKeyboardManager" */;
			productName = IQKeyboardManagerSwift;
		};
/* End XCSwiftPackageProductDependency section */
	};
	rootObject = CE4F9B532C2ABDAE00F9E653 /* Project object */;
}
